
Microsoft Visual Studio Solution File, Format Version 12.00
# Visual Studio Version 17
VisualStudioVersion = 17.12.35514.174
MinimumVisualStudioVersion = 10.0.40219.1
Project("{FAE04EC0-301F-11D3-BF4B-00C04F79EFBC}") = "EB_Persona_Crear", "EB_Persona_Crear\EB_Persona_Crear.csproj", "{F6645436-75DF-4A8C-91F3-E883AB561D08}"
EndProject
Project("{FAE04EC0-301F-11D3-BF4B-00C04F79EFBC}") = "EB_Persona_Consultar", "EB_Persona_Consultar\EB_Persona_Consultar.csproj", "{61272EEB-54E1-4C37-9DC9-7A25E920A3A8}"
EndProject
Project("{FAE04EC0-301F-11D3-BF4B-00C04F79EFBC}") = "EB_Persona_Eliminar", "EB_Persona_Eliminar\EB_Persona_Eliminar.csproj", "{845D7991-38C7-4E77-AD1A-B5ED956D8AE5}"
EndProject
Project("{FAE04EC0-301F-11D3-BF4B-00C04F79EFBC}") = "EB_Persona_Editar", "EB_Persona_Editar\EB_Persona_Editar.csproj", "{3DDCF453-F1D5-44BF-B0C6-17AF966210AF}"
EndProject
Project("{FAE04EC0-301F-11D3-BF4B-00C04F79EFBC}") = "EB_Persona_Test", "AWSLambda1.Tests\EB_Persona_Test.csproj", "{0FBA7379-4E38-44B4-8AD5-F08BCB77AB18}"
EndProject
Global
	GlobalSection(SolutionConfigurationPlatforms) = preSolution
		Debug|Any CPU = Debug|Any CPU
		Release|Any CPU = Release|Any CPU
	EndGlobalSection
	GlobalSection(ProjectConfigurationPlatforms) = postSolution
		{F6645436-75DF-4A8C-91F3-E883AB561D08}.Debug|Any CPU.ActiveCfg = Debug|Any CPU
		{F6645436-75DF-4A8C-91F3-E883AB561D08}.Debug|Any CPU.Build.0 = Debug|Any CPU
		{F6645436-75DF-4A8C-91F3-E883AB561D08}.Release|Any CPU.ActiveCfg = Release|Any CPU
		{F6645436-75DF-4A8C-91F3-E883AB561D08}.Release|Any CPU.Build.0 = Release|Any CPU
		{61272EEB-54E1-4C37-9DC9-7A25E920A3A8}.Debug|Any CPU.ActiveCfg = Debug|Any CPU
		{61272EEB-54E1-4C37-9DC9-7A25E920A3A8}.Debug|Any CPU.Build.0 = Debug|Any CPU
		{61272EEB-54E1-4C37-9DC9-7A25E920A3A8}.Release|Any CPU.ActiveCfg = Release|Any CPU
		{61272EEB-54E1-4C37-9DC9-7A25E920A3A8}.Release|Any CPU.Build.0 = Release|Any CPU
		{845D7991-38C7-4E77-AD1A-B5ED956D8AE5}.Debug|Any CPU.ActiveCfg = Debug|Any CPU
		{845D7991-38C7-4E77-AD1A-B5ED956D8AE5}.Debug|Any CPU.Build.0 = Debug|Any CPU
		{845D7991-38C7-4E77-AD1A-B5ED956D8AE5}.Release|Any CPU.ActiveCfg = Release|Any CPU
		{845D7991-38C7-4E77-AD1A-B5ED956D8AE5}.Release|Any CPU.Build.0 = Release|Any CPU
		{3DDCF453-F1D5-44BF-B0C6-17AF966210AF}.Debug|Any CPU.ActiveCfg = Debug|Any CPU
		{3DDCF453-F1D5-44BF-B0C6-17AF966210AF}.Debug|Any CPU.Build.0 = Debug|Any CPU
		{3DDCF453-F1D5-44BF-B0C6-17AF966210AF}.Release|Any CPU.ActiveCfg = Release|Any CPU
		{3DDCF453-F1D5-44BF-B0C6-17AF966210AF}.Release|Any CPU.Build.0 = Release|Any CPU
		{0FBA7379-4E38-44B4-8AD5-F08BCB77AB18}.Debug|Any CPU.ActiveCfg = Debug|Any CPU
		{0FBA7379-4E38-44B4-8AD5-F08BCB77AB18}.Debug|Any CPU.Build.0 = Debug|Any CPU
		{0FBA7379-4E38-44B4-8AD5-F08BCB77AB18}.Release|Any CPU.ActiveCfg = Release|Any CPU
		{0FBA7379-4E38-44B4-8AD5-F08BCB77AB18}.Release|Any CPU.Build.0 = Release|Any CPU
	EndGlobalSection
	GlobalSection(SolutionProperties) = preSolution
		HideSolutionNode = FALSE
	EndGlobalSection
EndGlobal
